
Microsoft Visual Studio Solution File, Format Version 12.00
# Visual Studio Version 17
VisualStudioVersion = 17.1.32421.90
MinimumVisualStudioVersion = 10.0.40219.1
Project("{FAE04EC0-301F-11D3-BF4B-00C04F79EFBC}") = "CardShuffleChallenge", "CardShuffleChallenge\CardShuffleChallenge.csproj", "{D5FF9CC1-86D2-45C4-B815-C44C3149FB79}"
EndProject
Global
	GlobalSection(SolutionConfigurationPlatforms) = preSolution
		Debug|Any CPU = Debug|Any CPU
		Release|Any CPU = Release|Any CPU
	EndGlobalSection
	GlobalSection(ProjectConfigurationPlatforms) = postSolution
		{D5FF9CC1-86D2-45C4-B815-C44C3149FB79}.Debug|Any CPU.ActiveCfg = Debug|Any CPU
		{D5FF9CC1-86D2-45C4-B815-C44C3149FB79}.Debug|Any CPU.Build.0 = Debug|Any CPU
		{D5FF9CC1-86D2-45C4-B815-C44C3149FB79}.Release|Any CPU.ActiveCfg = Release|Any CPU
		{D5FF9CC1-86D2-45C4-B815-C44C3149FB79}.Release|Any CPU.Build.0 = Release|Any CPU
	EndGlobalSection
	GlobalSection(SolutionProperties) = preSolution
		HideSolutionNode = FALSE
	EndGlobalSection
	GlobalSection(ExtensibilityGlobals) = postSolution
		SolutionGuid = {75855E03-CE44-415A-9B95-55D8DBFBA987}
	EndGlobalSection
EndGlobal
